// !$*UTF8*$!
{
	archiveVersion = 1;
	classes = {
	};
	objectVersion = 46;
	objects = {

/* Begin PBXBuildFile section */
		5BB63F34187CFFEA00461CCE /* Cocoa.framework in Frameworks */ = {isa = PBXBuildFile; fileRef = 5BDD37A3169BEA04009B0CC6 /* Cocoa.framework */; };
		5BB63F45187D002700461CCE /* XCTest.framework in Frameworks */ = {isa = PBXBuildFile; fileRef = 5BB63F44187D002700461CCE /* XCTest.framework */; };
		5BB63F4B187D002700461CCE /* InfoPlist.strings in Resources */ = {isa = PBXBuildFile; fileRef = 5BB63F49187D002700461CCE /* InfoPlist.strings */; };
		5BB63F4D187D002700461CCE /* ADNSessionManagerTests.m in Sources */ = {isa = PBXBuildFile; fileRef = 5BB63F4C187D002700461CCE /* ADNSessionManagerTests.m */; };
		5BB63F5C187D005300461CCE /* ADNSessionManager-Info.plist in Resources */ = {isa = PBXBuildFile; fileRef = 5BB63F56187D005300461CCE /* ADNSessionManager-Info.plist */; };
		5BB63F5D187D005300461CCE /* InfoPlist.strings in Resources */ = {isa = PBXBuildFile; fileRef = 5BB63F57187D005300461CCE /* InfoPlist.strings */; };
		5BB63F5E187D005300461CCE /* ETPSADNSessionManager.m in Sources */ = {isa = PBXBuildFile; fileRef = 5BB63F5B187D005300461CCE /* ETPSADNSessionManager.m */; };
/* End PBXBuildFile section */

/* Begin PBXContainerItemProxy section */
		5BB63F4F187D002700461CCE /* PBXContainerItemProxy */ = {
			isa = PBXContainerItemProxy;
			containerPortal = 5BDD3797169BEA04009B0CC6 /* Project object */;
			proxyType = 1;
			remoteGlobalIDString = 5BB63F32187CFFEA00461CCE;
			remoteInfo = ADNSessionManager;
		};
/* End PBXContainerItemProxy section */

/* Begin PBXFileReference section */
		5BB63F33187CFFEA00461CCE /* ADNSessionManager.proeliaplugin */ = {isa = PBXFileReference; explicitFileType = wrapper.cfbundle; includeInIndex = 0; path = ADNSessionManager.proeliaplugin; sourceTree = BUILT_PRODUCTS_DIR; };
		5BB63F43187D002700461CCE /* ADNSessionManagerTests.xctest */ = {isa = PBXFileReference; explicitFileType = wrapper.cfbundle; includeInIndex = 0; path = ADNSessionManagerTests.xctest; sourceTree = BUILT_PRODUCTS_DIR; };
		5BB63F44187D002700461CCE /* XCTest.framework */ = {isa = PBXFileReference; lastKnownFileType = wrapper.framework; name = XCTest.framework; path = Library/Frameworks/XCTest.framework; sourceTree = DEVELOPER_DIR; };
		5BB63F48187D002700461CCE /* ADNSessionManagerTests-Info.plist */ = {isa = PBXFileReference; lastKnownFileType = text.plist.xml; path = "ADNSessionManagerTests-Info.plist"; sourceTree = "<group>"; };
		5BB63F4A187D002700461CCE /* en */ = {isa = PBXFileReference; lastKnownFileType = text.plist.strings; name = en; path = en.lproj/InfoPlist.strings; sourceTree = "<group>"; };
		5BB63F4C187D002700461CCE /* ADNSessionManagerTests.m */ = {isa = PBXFileReference; lastKnownFileType = sourcecode.c.objc; path = ADNSessionManagerTests.m; sourceTree = "<group>"; };
		5BB63F4E187D002700461CCE /* ADNSessionManagerTests-Prefix.pch */ = {isa = PBXFileReference; lastKnownFileType = sourcecode.c.h; path = "ADNSessionManagerTests-Prefix.pch"; sourceTree = "<group>"; };
		5BB63F56187D005300461CCE /* ADNSessionManager-Info.plist */ = {isa = PBXFileReference; fileEncoding = 4; lastKnownFileType = text.plist.xml; path = "ADNSessionManager-Info.plist"; sourceTree = "<group>"; };
		5BB63F58187D005300461CCE /* en */ = {isa = PBXFileReference; lastKnownFileType = text.plist.strings; name = en; path = en.lproj/InfoPlist.strings; sourceTree = "<group>"; };
		5BB63F5A187D005300461CCE /* ETPSADNSessionManager.h */ = {isa = PBXFileReference; fileEncoding = 4; lastKnownFileType = sourcecode.c.h; path = ETPSADNSessionManager.h; sourceTree = "<group>"; };
		5BB63F5B187D005300461CCE /* ETPSADNSessionManager.m */ = {isa = PBXFileReference; fileEncoding = 4; lastKnownFileType = sourcecode.c.objc; path = ETPSADNSessionManager.m; sourceTree = "<group>"; };
		5BDD37A3169BEA04009B0CC6 /* Cocoa.framework */ = {isa = PBXFileReference; lastKnownFileType = wrapper.framework; name = Cocoa.framework; path = System/Library/Frameworks/Cocoa.framework; sourceTree = SDKROOT; };
		5BDD37A6169BEA04009B0CC6 /* AppKit.framework */ = {isa = PBXFileReference; lastKnownFileType = wrapper.framework; name = AppKit.framework; path = System/Library/Frameworks/AppKit.framework; sourceTree = SDKROOT; };
		5BDD37A7169BEA04009B0CC6 /* CoreData.framework */ = {isa = PBXFileReference; lastKnownFileType = wrapper.framework; name = CoreData.framework; path = System/Library/Frameworks/CoreData.framework; sourceTree = SDKROOT; };
		5BDD37A8169BEA04009B0CC6 /* Foundation.framework */ = {isa = PBXFileReference; lastKnownFileType = wrapper.framework; name = Foundation.framework; path = System/Library/Frameworks/Foundation.framework; sourceTree = SDKROOT; };
		5BDD37B9169BEA04009B0CC6 /* SenTestingKit.framework */ = {isa = PBXFileReference; lastKnownFileType = wrapper.framework; name = SenTestingKit.framework; path = Library/Frameworks/SenTestingKit.framework; sourceTree = DEVELOPER_DIR; };
/* End PBXFileReference section */

/* Begin PBXFrameworksBuildPhase section */
		5BB63F30187CFFEA00461CCE /* Frameworks */ = {
			isa = PBXFrameworksBuildPhase;
			buildActionMask = 2147483647;
			files = (
				5BB63F34187CFFEA00461CCE /* Cocoa.framework in Frameworks */,
			);
			runOnlyForDeploymentPostprocessing = 0;
		};
		5BB63F40187D002700461CCE /* Frameworks */ = {
			isa = PBXFrameworksBuildPhase;
			buildActionMask = 2147483647;
			files = (
				5BB63F45187D002700461CCE /* XCTest.framework in Frameworks */,
			);
			runOnlyForDeploymentPostprocessing = 0;
		};
/* End PBXFrameworksBuildPhase section */

/* Begin PBXGroup section */
		5BB63F46187D002700461CCE /* ADNSessionManagerTests */ = {
			isa = PBXGroup;
			children = (
				5BB63F4C187D002700461CCE /* ADNSessionManagerTests.m */,
				5BB63F47187D002700461CCE /* Supporting Files */,
			);
			path = ADNSessionManagerTests;
			sourceTree = "<group>";
		};
		5BB63F47187D002700461CCE /* Supporting Files */ = {
			isa = PBXGroup;
			children = (
				5BB63F48187D002700461CCE /* ADNSessionManagerTests-Info.plist */,
				5BB63F49187D002700461CCE /* InfoPlist.strings */,
				5BB63F4E187D002700461CCE /* ADNSessionManagerTests-Prefix.pch */,
			);
			name = "Supporting Files";
			sourceTree = "<group>";
		};
		5BB63F54187D005300461CCE /* ADNSessionManager */ = {
			isa = PBXGroup;
			children = (
				5BB63F55187D005300461CCE /* Resources */,
				5BB63F59187D005300461CCE /* Source */,
			);
			path = ADNSessionManager;
			sourceTree = "<group>";
		};
		5BB63F55187D005300461CCE /* Resources */ = {
			isa = PBXGroup;
			children = (
				5BB63F56187D005300461CCE /* ADNSessionManager-Info.plist */,
				5BB63F57187D005300461CCE /* InfoPlist.strings */,
			);
			path = Resources;
			sourceTree = "<group>";
		};
		5BB63F59187D005300461CCE /* Source */ = {
			isa = PBXGroup;
			children = (
				5BB63F5A187D005300461CCE /* ETPSADNSessionManager.h */,
				5BB63F5B187D005300461CCE /* ETPSADNSessionManager.m */,
			);
			path = Source;
			sourceTree = "<group>";
		};
		5BDD3796169BEA04009B0CC6 = {
			isa = PBXGroup;
			children = (
				5BB63F54187D005300461CCE /* ADNSessionManager */,
				5BB63F46187D002700461CCE /* ADNSessionManagerTests */,
				5BDD37A2169BEA04009B0CC6 /* Frameworks */,
				5BDD37A1169BEA04009B0CC6 /* Products */,
			);
			sourceTree = "<group>";
		};
		5BDD37A1169BEA04009B0CC6 /* Products */ = {
			isa = PBXGroup;
			children = (
				5BB63F33187CFFEA00461CCE /* ADNSessionManager.proeliaplugin */,
				5BB63F43187D002700461CCE /* ADNSessionManagerTests.xctest */,
			);
			name = Products;
			sourceTree = "<group>";
		};
		5BDD37A2169BEA04009B0CC6 /* Frameworks */ = {
			isa = PBXGroup;
			children = (
				5BDD37A3169BEA04009B0CC6 /* Cocoa.framework */,
				5BDD37B9169BEA04009B0CC6 /* SenTestingKit.framework */,
				5BB63F44187D002700461CCE /* XCTest.framework */,
				5BDD37A5169BEA04009B0CC6 /* Other Frameworks */,
			);
			name = Frameworks;
			sourceTree = "<group>";
		};
		5BDD37A5169BEA04009B0CC6 /* Other Frameworks */ = {
			isa = PBXGroup;
			children = (
				5BDD37A6169BEA04009B0CC6 /* AppKit.framework */,
				5BDD37A7169BEA04009B0CC6 /* CoreData.framework */,
				5BDD37A8169BEA04009B0CC6 /* Foundation.framework */,
			);
			name = "Other Frameworks";
			sourceTree = "<group>";
		};
/* End PBXGroup section */

/* Begin PBXNativeTarget section */
		5BB63F32187CFFEA00461CCE /* ADNSessionManager */ = {
			isa = PBXNativeTarget;
			buildConfigurationList = 5BB63F3E187CFFEA00461CCE /* Build configuration list for PBXNativeTarget "ADNSessionManager" */;
			buildPhases = (
				5BB63F2F187CFFEA00461CCE /* Sources */,
				5BB63F30187CFFEA00461CCE /* Frameworks */,
				5BB63F31187CFFEA00461CCE /* Resources */,
			);
			buildRules = (
			);
			dependencies = (
			);
			name = ADNSessionManager;
			productName = ADNSessionManager;
			productReference = 5BB63F33187CFFEA00461CCE /* ADNSessionManager.proeliaplugin */;
			productType = "com.apple.product-type.bundle";
		};
		5BB63F42187D002700461CCE /* ADNSessionManagerTests */ = {
			isa = PBXNativeTarget;
			buildConfigurationList = 5BB63F51187D002700461CCE /* Build configuration list for PBXNativeTarget "ADNSessionManagerTests" */;
			buildPhases = (
				5BB63F3F187D002700461CCE /* Sources */,
				5BB63F40187D002700461CCE /* Frameworks */,
				5BB63F41187D002700461CCE /* Resources */,
			);
			buildRules = (
			);
			dependencies = (
				5BB63F50187D002700461CCE /* PBXTargetDependency */,
			);
			name = ADNSessionManagerTests;
			productName = ADNSessionManagerTests;
			productReference = 5BB63F43187D002700461CCE /* ADNSessionManagerTests.xctest */;
			productType = "com.apple.product-type.bundle.unit-test";
		};
/* End PBXNativeTarget section */

/* Begin PBXProject section */
		5BDD3797169BEA04009B0CC6 /* Project object */ = {
			isa = PBXProject;
			attributes = {
				CLASSPREFIX = ETPSA;
				LastUpgradeCheck = 0460;
				ORGANIZATIONNAME = "Pilgrimage Software";
				TargetAttributes = {
					5BB63F42187D002700461CCE = {
						TestTargetID = 5BB63F32187CFFEA00461CCE;
					};
				};
			};
			buildConfigurationList = 5BDD379A169BEA04009B0CC6 /* Build configuration list for PBXProject "ADNSessionManager" */;
			compatibilityVersion = "Xcode 3.2";
			developmentRegion = English;
			hasScannedForEncodings = 0;
			knownRegions = (
				en,
			);
			mainGroup = 5BDD3796169BEA04009B0CC6;
			productRefGroup = 5BDD37A1169BEA04009B0CC6 /* Products */;
			projectDirPath = "";
			projectRoot = "";
			targets = (
				5BB63F32187CFFEA00461CCE /* ADNSessionManager */,
				5BB63F42187D002700461CCE /* ADNSessionManagerTests */,
			);
		};
/* End PBXProject section */

/* Begin PBXResourcesBuildPhase section */
		5BB63F31187CFFEA00461CCE /* Resources */ = {
			isa = PBXResourcesBuildPhase;
			buildActionMask = 2147483647;
			files = (
				5BB63F5C187D005300461CCE /* ADNSessionManager-Info.plist in Resources */,
				5BB63F5D187D005300461CCE /* InfoPlist.strings in Resources */,
			);
			runOnlyForDeploymentPostprocessing = 0;
		};
		5BB63F41187D002700461CCE /* Resources */ = {
			isa = PBXResourcesBuildPhase;
			buildActionMask = 2147483647;
			files = (
				5BB63F4B187D002700461CCE /* InfoPlist.strings in Resources */,
			);
			runOnlyForDeploymentPostprocessing = 0;
		};
/* End PBXResourcesBuildPhase section */

/* Begin PBXSourcesBuildPhase section */
		5BB63F2F187CFFEA00461CCE /* Sources */ = {
			isa = PBXSourcesBuildPhase;
			buildActionMask = 2147483647;
			files = (
				5BB63F5E187D005300461CCE /* ETPSADNSessionManager.m in Sources */,
			);
			runOnlyForDeploymentPostprocessing = 0;
		};
		5BB63F3F187D002700461CCE /* Sources */ = {
			isa = PBXSourcesBuildPhase;
			buildActionMask = 2147483647;
			files = (
				5BB63F4D187D002700461CCE /* ADNSessionManagerTests.m in Sources */,
			);
			runOnlyForDeploymentPostprocessing = 0;
		};
/* End PBXSourcesBuildPhase section */

/* Begin PBXTargetDependency section */
		5BB63F50187D002700461CCE /* PBXTargetDependency */ = {
			isa = PBXTargetDependency;
			target = 5BB63F32187CFFEA00461CCE /* ADNSessionManager */;
			targetProxy = 5BB63F4F187D002700461CCE /* PBXContainerItemProxy */;
		};
/* End PBXTargetDependency section */

/* Begin PBXVariantGroup section */
		5BB63F49187D002700461CCE /* InfoPlist.strings */ = {
			isa = PBXVariantGroup;
			children = (
				5BB63F4A187D002700461CCE /* en */,
			);
			name = InfoPlist.strings;
			sourceTree = "<group>";
		};
		5BB63F57187D005300461CCE /* InfoPlist.strings */ = {
			isa = PBXVariantGroup;
			children = (
				5BB63F58187D005300461CCE /* en */,
			);
			name = InfoPlist.strings;
			sourceTree = "<group>";
		};
/* End PBXVariantGroup section */

/* Begin XCBuildConfiguration section */
		5BB63F3C187CFFEA00461CCE /* Debug */ = {
			isa = XCBuildConfiguration;
			buildSettings = {
				CLANG_WARN_BOOL_CONVERSION = YES;
				CLANG_WARN_DIRECT_OBJC_ISA_USAGE = YES_ERROR;
				CLANG_WARN_OBJC_ROOT_CLASS = YES_ERROR;
				CODE_SIGN_IDENTITY = "Mac Developer";
				COMBINE_HIDPI_IMAGES = YES;
				GCC_PRECOMPILE_PREFIX_HEADER = NO;
				GCC_PREFIX_HEADER = "";
				GCC_PREPROCESSOR_DEFINITIONS = (
					"DEBUG=1",
					"$(inherited)",
				);
				GCC_WARN_ABOUT_RETURN_TYPE = YES_ERROR;
				GCC_WARN_UNDECLARED_SELECTOR = YES;
				GCC_WARN_UNUSED_FUNCTION = YES;
				INFOPLIST_FILE = "ADNSessionManager/Resources/ADNSessionManager-Info.plist";
				INSTALL_PATH = "$(LOCAL_LIBRARY_DIR)/Bundles";
				MACOSX_DEPLOYMENT_TARGET = 10.9;
				PRODUCT_NAME = "$(TARGET_NAME)";
				WRAPPER_EXTENSION = proeliaplugin;
			};
			name = Debug;
		};
		5BB63F3D187CFFEA00461CCE /* Release */ = {
			isa = XCBuildConfiguration;
			buildSettings = {
				CLANG_WARN_BOOL_CONVERSION = YES;
				CLANG_WARN_DIRECT_OBJC_ISA_USAGE = YES_ERROR;
				CLANG_WARN_OBJC_ROOT_CLASS = YES_ERROR;
				CODE_SIGN_IDENTITY = "3rd Party Mac Developer Application";
				COMBINE_HIDPI_IMAGES = YES;
				ENABLE_NS_ASSERTIONS = NO;
				GCC_PRECOMPILE_PREFIX_HEADER = NO;
				GCC_PREFIX_HEADER = "";
				GCC_WARN_ABOUT_RETURN_TYPE = YES_ERROR;
				GCC_WARN_UNDECLARED_SELECTOR = YES;
				GCC_WARN_UNUSED_FUNCTION = YES;
				INFOPLIST_FILE = "ADNSessionManager/Resources/ADNSessionManager-Info.plist";
				INSTALL_PATH = "$(LOCAL_LIBRARY_DIR)/Bundles";
				MACOSX_DEPLOYMENT_TARGET = 10.9;
				PRODUCT_NAME = "$(TARGET_NAME)";
				WRAPPER_EXTENSION = proeliaplugin;
			};
			name = Release;
		};
		5BB63F52187D002700461CCE /* Debug */ = {
			isa = XCBuildConfiguration;
			buildSettings = {
				CLANG_WARN_BOOL_CONVERSION = YES;
				CLANG_WARN_DIRECT_OBJC_ISA_USAGE = YES_ERROR;
				CLANG_WARN_OBJC_ROOT_CLASS = YES_ERROR;
				FRAMEWORK_SEARCH_PATHS = (
					"$(DEVELOPER_FRAMEWORKS_DIR)",
					"$(inherited)",
				);
				GCC_PRECOMPILE_PREFIX_HEADER = NO;
				GCC_PREFIX_HEADER = "";
				GCC_PREPROCESSOR_DEFINITIONS = (
					"DEBUG=1",
					"$(inherited)",
				);
				GCC_WARN_ABOUT_RETURN_TYPE = YES_ERROR;
				GCC_WARN_UNDECLARED_SELECTOR = YES;
				GCC_WARN_UNUSED_FUNCTION = YES;
				INFOPLIST_FILE = "ADNSessionManagerTests/Resources/ADNSessionManagerTests-Info.plist";
				MACOSX_DEPLOYMENT_TARGET = 10.9;
				PRODUCT_NAME = "$(TARGET_NAME)";
				WRAPPER_EXTENSION = xctest;
			};
			name = Debug;
		};
		5BB63F53187D002700461CCE /* Release */ = {
			isa = XCBuildConfiguration;
			buildSettings = {
				CLANG_WARN_BOOL_CONVERSION = YES;
				CLANG_WARN_DIRECT_OBJC_ISA_USAGE = YES_ERROR;
				CLANG_WARN_OBJC_ROOT_CLASS = YES_ERROR;
				ENABLE_NS_ASSERTIONS = NO;
				FRAMEWORK_SEARCH_PATHS = (
					"$(DEVELOPER_FRAMEWORKS_DIR)",
					"$(inherited)",
				);
				GCC_PRECOMPILE_PREFIX_HEADER = NO;
				GCC_PREFIX_HEADER = "";
				GCC_WARN_ABOUT_RETURN_TYPE = YES_ERROR;
				GCC_WARN_UNDECLARED_SELECTOR = YES;
				GCC_WARN_UNUSED_FUNCTION = YES;
				INFOPLIST_FILE = "ADNSessionManagerTests/Resources/ADNSessionManagerTests-Info.plist";
				MACOSX_DEPLOYMENT_TARGET = 10.9;
				PRODUCT_NAME = "$(TARGET_NAME)";
				WRAPPER_EXTENSION = xctest;
			};
			name = Release;
		};
		5BDD37C8169BEA04009B0CC6 /* Debug */ = {
			isa = XCBuildConfiguration;
			buildSettings = {
				ALWAYS_SEARCH_USER_PATHS = NO;
				ARCHS = "$(ARCHS_STANDARD_64_BIT)";
				CLANG_CXX_LANGUAGE_STANDARD = "gnu++0x";
				CLANG_CXX_LIBRARY = "libc++";
				CLANG_ENABLE_OBJC_ARC = YES;
				CLANG_WARN_CONSTANT_CONVERSION = YES;
				CLANG_WARN_EMPTY_BODY = YES;
				CLANG_WARN_ENUM_CONVERSION = YES;
				CLANG_WARN_INT_CONVERSION = YES;
				CLANG_WARN__DUPLICATE_METHOD_MATCH = YES;
				CODE_SIGN_IDENTITY = "Mac Developer";
				COPY_PHASE_STRIP = NO;
				GCC_C_LANGUAGE_STANDARD = gnu99;
				GCC_DYNAMIC_NO_PIC = NO;
				GCC_ENABLE_OBJC_EXCEPTIONS = YES;
				GCC_OPTIMIZATION_LEVEL = 0;
				GCC_PREPROCESSOR_DEFINITIONS = (
					"DEBUG=1",
					"$(inherited)",
				);
				GCC_SYMBOLS_PRIVATE_EXTERN = NO;
				GCC_WARN_64_TO_32_BIT_CONVERSION = YES;
				GCC_WARN_ABOUT_RETURN_TYPE = YES;
				GCC_WARN_UNINITIALIZED_AUTOS = YES;
				GCC_WARN_UNUSED_VARIABLE = YES;
				MACOSX_DEPLOYMENT_TARGET = 10.8;
				ONLY_ACTIVE_ARCH = YES;
				SDKROOT = macosx;
			};
			name = Debug;
		};
		5BDD37C9169BEA04009B0CC6 /* Release */ = {
			isa = XCBuildConfiguration;
			buildSettings = {
				ALWAYS_SEARCH_USER_PATHS = NO;
				ARCHS = "$(ARCHS_STANDARD_64_BIT)";
				CLANG_CXX_LANGUAGE_STANDARD = "gnu++0x";
				CLANG_CXX_LIBRARY = "libc++";
				CLANG_ENABLE_OBJC_ARC = YES;
				CLANG_WARN_CONSTANT_CONVERSION = YES;
				CLANG_WARN_EMPTY_BODY = YES;
				CLANG_WARN_ENUM_CONVERSION = YES;
				CLANG_WARN_INT_CONVERSION = YES;
				CLANG_WARN__DUPLICATE_METHOD_MATCH = YES;
				CODE_SIGN_IDENTITY = "3rd Party Mac Developer Application";
				COPY_PHASE_STRIP = YES;
				DEBUG_INFORMATION_FORMAT = "dwarf-with-dsym";
				GCC_C_LANGUAGE_STANDARD = gnu99;
				GCC_ENABLE_OBJC_EXCEPTIONS = YES;
				GCC_WARN_64_TO_32_BIT_CONVERSION = YES;
				GCC_WARN_ABOUT_RETURN_TYPE = YES;
				GCC_WARN_UNINITIALIZED_AUTOS = YES;
				GCC_WARN_UNUSED_VARIABLE = YES;
				MACOSX_DEPLOYMENT_TARGET = 10.8;
				SDKROOT = macosx;
			};
			name = Release;
		};
/* End XCBuildConfiguration section */

/* Begin XCConfigurationList section */
		5BB63F3E187CFFEA00461CCE /* Build configuration list for PBXNativeTarget "ADNSessionManager" */ = {
			isa = XCConfigurationList;
			buildConfigurations = (
				5BB63F3C187CFFEA00461CCE /* Debug */,
				5BB63F3D187CFFEA00461CCE /* Release */,
			);
			defaultConfigurationIsVisible = 0;
		};
		5BB63F51187D002700461CCE /* Build configuration list for PBXNativeTarget "ADNSessionManagerTests" */ = {
			isa = XCConfigurationList;
			buildConfigurations = (
				5BB63F52187D002700461CCE /* Debug */,
				5BB63F53187D002700461CCE /* Release */,
			);
			defaultConfigurationIsVisible = 0;
		};
		5BDD379A169BEA04009B0CC6 /* Build configuration list for PBXProject "ADNSessionManager" */ = {
			isa = XCConfigurationList;
			buildConfigurations = (
				5BDD37C8169BEA04009B0CC6 /* Debug */,
				5BDD37C9169BEA04009B0CC6 /* Release */,
			);
			defaultConfigurationIsVisible = 0;
			defaultConfigurationName = Release;
		};
/* End XCConfigurationList section */
	};
	rootObject = 5BDD3797169BEA04009B0CC6 /* Project object */;
}
